lockfileVersion: '9.0'

settings:
  autoInstallPeers: true
  excludeLinksFromLockfile: false

importers:

  .:
    dependencies:
      '@bufbuild/protobuf':
        specifier: ^2.2.2
        version: 2.2.2

packages:

  '@bufbuild/protobuf@2.2.2':
    resolution: {integrity: sha512-UNtPCbrwrenpmrXuRwn9jYpPoweNXj8X5sMvYgsqYyaH8jQ6LfUJSk3dJLnBK+6sfYPrF4iAIo5sd5HQ+tg75A==}

snapshots:

  '@bufbuild/protobuf@2.2.2': {}
